// !$*UTF8*$!
{
	archiveVersion = 1;
	classes = {
	};
	objectVersion = 46;
	objects = {

/* Begin PBXBuildFile section */
		69532CCD1DC3C81100688D41 /* GameOverView.swift in Sources */ = {isa = PBXBuildFile; fileRef = 69532CCC1DC3C81100688D41 /* GameOverView.swift */; };
		698B6E391DBE7DBE00BA07A8 /* AppDelegate.swift in Sources */ = {isa = PBXBuildFile; fileRef = 698B6E381DBE7DBE00BA07A8 /* AppDelegate.swift */; };
		698B6E3B1DBE7DBE00BA07A8 /* ViewController.swift in Sources */ = {isa = PBXBuildFile; fileRef = 698B6E3A1DBE7DBE00BA07A8 /* ViewController.swift */; };
		698B6E3E1DBE7DBE00BA07A8 /* Main.storyboard in Resources */ = {isa = PBXBuildFile; fileRef = 698B6E3C1DBE7DBE00BA07A8 /* Main.storyboard */; };
		698B6E401DBE7DBE00BA07A8 /* Assets.xcassets in Resources */ = {isa = PBXBuildFile; fileRef = 698B6E3F1DBE7DBE00BA07A8 /* Assets.xcassets */; };
		698B6E431DBE7DBE00BA07A8 /* LaunchScreen.storyboard in Resources */ = {isa = PBXBuildFile; fileRef = 698B6E411DBE7DBE00BA07A8 /* LaunchScreen.storyboard */; };
		698B6E4B1DBE7DDE00BA07A8 /* BoardView.swift in Sources */ = {isa = PBXBuildFile; fileRef = 698B6E4A1DBE7DDE00BA07A8 /* BoardView.swift */; };
		69BD3AE61DBE99BE00F6DBF1 /* Board.swift in Sources */ = {isa = PBXBuildFile; fileRef = 69BD3AE51DBE99BE00F6DBF1 /* Board.swift */; };
		69BD3AE81DBE9A4C00F6DBF1 /* FieldView.swift in Sources */ = {isa = PBXBuildFile; fileRef = 69BD3AE71DBE9A4C00F6DBF1 /* FieldView.swift */; };
		DFA13339775F9E1CCB7B4F55 /* Pods_My_TicTacToe.framework in Frameworks */ = {isa = PBXBuildFile; fileRef = 52D36CD904212FEA87C9800C /* Pods_My_TicTacToe.framework */; };
/* End PBXBuildFile section */

/* Begin PBXFileReference section */
		52D36CD904212FEA87C9800C /* Pods_My_TicTacToe.framework */ = {isa = PBXFileReference; explicitFileType = wrapper.framework; includeInIndex = 0; path = Pods_My_TicTacToe.framework; sourceTree = BUILT_PRODUCTS_DIR; };
		66E0DEA85E4F12E81BE2C8B0 /* Pods-My TicTacToe.debug.xcconfig */ = {isa = PBXFileReference; includeInIndex = 1; lastKnownFileType = text.xcconfig; name = "Pods-My TicTacToe.debug.xcconfig"; path = "Pods/Target Support Files/Pods-My TicTacToe/Pods-My TicTacToe.debug.xcconfig"; sourceTree = "<group>"; };
		69532CCC1DC3C81100688D41 /* GameOverView.swift */ = {isa = PBXFileReference; fileEncoding = 4; lastKnownFileType = sourcecode.swift; path = GameOverView.swift; sourceTree = "<group>"; };
		698B6E351DBE7DBE00BA07A8 /* My TicTacToe.app */ = {isa = PBXFileReference; explicitFileType = wrapper.application; includeInIndex = 0; path = "My TicTacToe.app"; sourceTree = BUILT_PRODUCTS_DIR; };
		698B6E381DBE7DBE00BA07A8 /* AppDelegate.swift */ = {isa = PBXFileReference; lastKnownFileType = sourcecode.swift; path = AppDelegate.swift; sourceTree = "<group>"; };
		698B6E3A1DBE7DBE00BA07A8 /* ViewController.swift */ = {isa = PBXFileReference; lastKnownFileType = sourcecode.swift; path = ViewController.swift; sourceTree = "<group>"; usesTabs = 0; };
		698B6E3D1DBE7DBE00BA07A8 /* Base */ = {isa = PBXFileReference; lastKnownFileType = file.storyboard; name = Base; path = Base.lproj/Main.storyboard; sourceTree = "<group>"; };
		698B6E3F1DBE7DBE00BA07A8 /* Assets.xcassets */ = {isa = PBXFileReference; lastKnownFileType = folder.assetcatalog; path = Assets.xcassets; sourceTree = "<group>"; };
		698B6E421DBE7DBE00BA07A8 /* Base */ = {isa = PBXFileReference; lastKnownFileType = file.storyboard; name = Base; path = Base.lproj/LaunchScreen.storyboard; sourceTree = "<group>"; };
		698B6E441DBE7DBE00BA07A8 /* Info.plist */ = {isa = PBXFileReference; lastKnownFileType = text.plist.xml; path = Info.plist; sourceTree = "<group>"; };
		698B6E4A1DBE7DDE00BA07A8 /* BoardView.swift */ = {isa = PBXFileReference; fileEncoding = 4; lastKnownFileType = sourcecode.swift; path = BoardView.swift; sourceTree = "<group>"; };
		69BD3AE51DBE99BE00F6DBF1 /* Board.swift */ = {isa = PBXFileReference; fileEncoding = 4; lastKnownFileType = sourcecode.swift; path = Board.swift; sourceTree = "<group>"; };
		69BD3AE71DBE9A4C00F6DBF1 /* FieldView.swift */ = {isa = PBXFileReference; fileEncoding = 4; lastKnownFileType = sourcecode.swift; path = FieldView.swift; sourceTree = "<group>"; };
		8E63487ECEE4E63D99A64B75 /* Pods-My TicTacToe.release.xcconfig */ = {isa = PBXFileReference; includeInIndex = 1; lastKnownFileType = text.xcconfig; name = "Pods-My TicTacToe.release.xcconfig"; path = "Pods/Target Support Files/Pods-My TicTacToe/Pods-My TicTacToe.release.xcconfig"; sourceTree = "<group>"; };
/* End PBXFileReference section */

/* Begin PBXFrameworksBuildPhase section */
		698B6E321DBE7DBE00BA07A8 /* Frameworks */ = {
			isa = PBXFrameworksBuildPhase;
			buildActionMask = 2147483647;
			files = (
				DFA13339775F9E1CCB7B4F55 /* Pods_My_TicTacToe.framework in Frameworks */,
			);
			runOnlyForDeploymentPostprocessing = 0;
		};
/* End PBXFrameworksBuildPhase section */

/* Begin PBXGroup section */
		698B6E2C1DBE7DBE00BA07A8 = {
			isa = PBXGroup;
			children = (
				698B6E371DBE7DBE00BA07A8 /* My TicTacToe */,
				698B6E361DBE7DBE00BA07A8 /* Products */,
				ABA68D61B49CB1E2A8DC89A3 /* Pods */,
				886F74B1D42840CA56C2ABD5 /* Frameworks */,
			);
			sourceTree = "<group>";
		};
		698B6E361DBE7DBE00BA07A8 /* Products */ = {
			isa = PBXGroup;
			children = (
				698B6E351DBE7DBE00BA07A8 /* My TicTacToe.app */,
			);
			name = Products;
			sourceTree = "<group>";
		};
		698B6E371DBE7DBE00BA07A8 /* My TicTacToe */ = {
			isa = PBXGroup;
			children = (
				698B6E381DBE7DBE00BA07A8 /* AppDelegate.swift */,
				698B6E3C1DBE7DBE00BA07A8 /* Main.storyboard */,
				69BD3AE41DBE99A700F6DBF1 /* Controller */,
				69BD3AE31DBE999F00F6DBF1 /* Model */,
				69BD3AE21DBE999A00F6DBF1 /* View */,
				698B6E3F1DBE7DBE00BA07A8 /* Assets.xcassets */,
				698B6E411DBE7DBE00BA07A8 /* LaunchScreen.storyboard */,
				698B6E441DBE7DBE00BA07A8 /* Info.plist */,
			);
			path = "My TicTacToe";
			sourceTree = "<group>";
		};
		69BD3AE21DBE999A00F6DBF1 /* View */ = {
			isa = PBXGroup;
			children = (
				698B6E4A1DBE7DDE00BA07A8 /* BoardView.swift */,
				69532CCC1DC3C81100688D41 /* GameOverView.swift */,
				69BD3AE71DBE9A4C00F6DBF1 /* FieldView.swift */,
			);
			name = View;
			sourceTree = "<group>";
		};
		69BD3AE31DBE999F00F6DBF1 /* Model */ = {
			isa = PBXGroup;
			children = (
				69BD3AE51DBE99BE00F6DBF1 /* Board.swift */,
			);
			name = Model;
			sourceTree = "<group>";
		};
		69BD3AE41DBE99A700F6DBF1 /* Controller */ = {
			isa = PBXGroup;
			children = (
				698B6E3A1DBE7DBE00BA07A8 /* ViewController.swift */,
			);
			name = Controller;
			sourceTree = "<group>";
		};
		886F74B1D42840CA56C2ABD5 /* Frameworks */ = {
			isa = PBXGroup;
			children = (
				52D36CD904212FEA87C9800C /* Pods_My_TicTacToe.framework */,
			);
			name = Frameworks;
			sourceTree = "<group>";
		};
		ABA68D61B49CB1E2A8DC89A3 /* Pods */ = {
			isa = PBXGroup;
			children = (
				66E0DEA85E4F12E81BE2C8B0 /* Pods-My TicTacToe.debug.xcconfig */,
				8E63487ECEE4E63D99A64B75 /* Pods-My TicTacToe.release.xcconfig */,
			);
			name = Pods;
			sourceTree = "<group>";
		};
/* End PBXGroup section */

/* Begin PBXNativeTarget section */
		698B6E341DBE7DBE00BA07A8 /* My TicTacToe */ = {
			isa = PBXNativeTarget;
			buildConfigurationList = 698B6E471DBE7DBE00BA07A8 /* Build configuration list for PBXNativeTarget "My TicTacToe" */;
			buildPhases = (
				423F4936D0C58C92E309B1E6 /* [CP] Check Pods Manifest.lock */,
				698B6E311DBE7DBE00BA07A8 /* Sources */,
				698B6E321DBE7DBE00BA07A8 /* Frameworks */,
				698B6E331DBE7DBE00BA07A8 /* Resources */,
				DB8BACE28890882F932419B4 /* [CP] Embed Pods Frameworks */,
				B6B97A871039E1C53C3672C9 /* [CP] Copy Pods Resources */,
			);
			buildRules = (
			);
			dependencies = (
			);
			name = "My TicTacToe";
			productName = "My TicTacToe";
			productReference = 698B6E351DBE7DBE00BA07A8 /* My TicTacToe.app */;
			productType = "com.apple.product-type.application";
		};
/* End PBXNativeTarget section */

/* Begin PBXProject section */
		698B6E2D1DBE7DBE00BA07A8 /* Project object */ = {
			isa = PBXProject;
			attributes = {
				LastSwiftUpdateCheck = 0800;
				LastUpgradeCheck = 0800;
				ORGANIZATIONNAME = "Juan Pablo";
				TargetAttributes = {
					698B6E341DBE7DBE00BA07A8 = {
						CreatedOnToolsVersion = 8.0;
						DevelopmentTeam = V92SZ8966T;
						ProvisioningStyle = Automatic;
					};
				};
			};
			buildConfigurationList = 698B6E301DBE7DBE00BA07A8 /* Build configuration list for PBXProject "My TicTacToe" */;
			compatibilityVersion = "Xcode 3.2";
			developmentRegion = English;
			hasScannedForEncodings = 0;
			knownRegions = (
				en,
				Base,
			);
			mainGroup = 698B6E2C1DBE7DBE00BA07A8;
			productRefGroup = 698B6E361DBE7DBE00BA07A8 /* Products */;
			projectDirPath = "";
			projectRoot = "";
			targets = (
				698B6E341DBE7DBE00BA07A8 /* My TicTacToe */,
			);
		};
/* End PBXProject section */

/* Begin PBXResourcesBuildPhase section */
		698B6E331DBE7DBE00BA07A8 /* Resources */ = {
			isa = PBXResourcesBuildPhase;
			buildActionMask = 2147483647;
			files = (
				698B6E431DBE7DBE00BA07A8 /* LaunchScreen.storyboard in Resources */,
				698B6E401DBE7DBE00BA07A8 /* Assets.xcassets in Resources */,
				698B6E3E1DBE7DBE00BA07A8 /* Main.storyboard in Resources */,
			);
			runOnlyForDeploymentPostprocessing = 0;
		};
/* End PBXResourcesBuildPhase section */

/* Begin PBXShellScriptBuildPhase section */
		423F4936D0C58C92E309B1E6 /* [CP] Check Pods Manifest.lock */ = {
			isa = PBXShellScriptBuildPhase;
			buildActionMask = 2147483647;
			files = (
			);
			inputPaths = (
			);
			name = "[CP] Check Pods Manifest.lock";
			outputPaths = (
			);
			runOnlyForDeploymentPostprocessing = 0;
			shellPath = /bin/sh;
			shellScript = "diff \"${PODS_ROOT}/../Podfile.lock\" \"${PODS_ROOT}/Manifest.lock\" > /dev/null\nif [[ $? != 0 ]] ; then\n    cat << EOM\nerror: The sandbox is not in sync with the Podfile.lock. Run 'pod install' or update your CocoaPods installation.\nEOM\n    exit 1\nfi\n";
			showEnvVarsInLog = 0;
		};
		B6B97A871039E1C53C3672C9 /* [CP] Copy Pods Resources */ = {
			isa = PBXShellScriptBuildPhase;
			buildActionMask = 2147483647;
			files = (
			);
			inputPaths = (
			);
			name = "[CP] Copy Pods Resources";
			outputPaths = (
			);
			runOnlyForDeploymentPostprocessing = 0;
			shellPath = /bin/sh;
			shellScript = "\"${SRCROOT}/Pods/Target Support Files/Pods-My TicTacToe/Pods-My TicTacToe-resources.sh\"\n";
			showEnvVarsInLog = 0;
		};
		DB8BACE28890882F932419B4 /* [CP] Embed Pods Frameworks */ = {
			isa = PBXShellScriptBuildPhase;
			buildActionMask = 2147483647;
			files = (
			);
			inputPaths = (
			);
			name = "[CP] Embed Pods Frameworks";
			outputPaths = (
			);
			runOnlyForDeploymentPostprocessing = 0;
			shellPath = /bin/sh;
			shellScript = "\"${SRCROOT}/Pods/Target Support Files/Pods-My TicTacToe/Pods-My TicTacToe-frameworks.sh\"\n";
			showEnvVarsInLog = 0;
		};
/* End PBXShellScriptBuildPhase section */

/* Begin PBXSourcesBuildPhase section */
		698B6E311DBE7DBE00BA07A8 /* Sources */ = {
			isa = PBXSourcesBuildPhase;
			buildActionMask = 2147483647;
			files = (
				698B6E4B1DBE7DDE00BA07A8 /* BoardView.swift in Sources */,
				698B6E3B1DBE7DBE00BA07A8 /* ViewController.swift in Sources */,
				69BD3AE61DBE99BE00F6DBF1 /* Board.swift in Sources */,
				698B6E391DBE7DBE00BA07A8 /* AppDelegate.swift in Sources */,
				69532CCD1DC3C81100688D41 /* GameOverView.swift in Sources */,
				69BD3AE81DBE9A4C00F6DBF1 /* FieldView.swift in Sources */,
			);
			runOnlyForDeploymentPostprocessing = 0;
		};
/* End PBXSourcesBuildPhase section */

/* Begin PBXVariantGroup section */
		698B6E3C1DBE7DBE00BA07A8 /* Main.storyboard */ = {
			isa = PBXVariantGroup;
			children = (
				698B6E3D1DBE7DBE00BA07A8 /* Base */,
			);
			name = Main.storyboard;
			sourceTree = "<group>";
		};
		698B6E411DBE7DBE00BA07A8 /* LaunchScreen.storyboard */ = {
			isa = PBXVariantGroup;
			children = (
				698B6E421DBE7DBE00BA07A8 /* Base */,
			);
			name = LaunchScreen.storyboard;
			sourceTree = "<group>";
		};
/* End PBXVariantGroup section */

/* Begin XCBuildConfiguration section */
		698B6E451DBE7DBE00BA07A8 /* Debug */ = {
			isa = XCBuildConfiguration;
			buildSettings = {
				ALWAYS_SEARCH_USER_PATHS = NO;
				CLANG_ANALYZER_NONNULL = YES;
				CLANG_CXX_LANGUAGE_STANDARD = "gnu++0x";
				CLANG_CXX_LIBRARY = "libc++";
				CLANG_ENABLE_MODULES = YES;
				CLANG_ENABLE_OBJC_ARC = YES;
				CLANG_WARN_BOOL_CONVERSION = YES;
				CLANG_WARN_CONSTANT_CONVERSION = YES;
				CLANG_WARN_DIRECT_OBJC_ISA_USAGE = YES_ERROR;
				CLANG_WARN_DOCUMENTATION_COMMENTS = YES;
				CLANG_WARN_EMPTY_BODY = YES;
				CLANG_WARN_ENUM_CONVERSION = YES;
				CLANG_WARN_INFINITE_RECURSION = YES;
				CLANG_WARN_INT_CONVERSION = YES;
				CLANG_WARN_OBJC_ROOT_CLASS = YES_ERROR;
				CLANG_WARN_SUSPICIOUS_MOVES = YES;
				CLANG_WARN_UNREACHABLE_CODE = YES;
				CLANG_WARN__DUPLICATE_METHOD_MATCH = YES;
				"CODE_SIGN_IDENTITY[sdk=iphoneos*]" = "iPhone Developer";
				COPY_PHASE_STRIP = NO;
				DEBUG_INFORMATION_FORMAT = dwarf;
				ENABLE_STRICT_OBJC_MSGSEND = YES;
				ENABLE_TESTABILITY = YES;
				GCC_C_LANGUAGE_STANDARD = gnu99;
				GCC_DYNAMIC_NO_PIC = NO;
				GCC_NO_COMMON_BLOCKS = YES;
				GCC_OPTIMIZATION_LEVEL = 0;
				GCC_PREPROCESSOR_DEFINITIONS = (
					"DEBUG=1",
					"$(inherited)",
				);
				GCC_WARN_64_TO_32_BIT_CONVERSION = YES;
				GCC_WARN_ABOUT_RETURN_TYPE = YES_ERROR;
				GCC_WARN_UNDECLARED_SELECTOR = YES;
				GCC_WARN_UNINITIALIZED_AUTOS = YES_AGGRESSIVE;
				GCC_WARN_UNUSED_FUNCTION = YES;
				GCC_WARN_UNUSED_VARIABLE = YES;
				IPHONEOS_DEPLOYMENT_TARGET = 10.0;
				MTL_ENABLE_DEBUG_INFO = YES;
				ONLY_ACTIVE_ARCH = YES;
				SDKROOT = iphoneos;
				SWIFT_ACTIVE_COMPILATION_CONDITIONS = DEBUG;
				SWIFT_OPTIMIZATION_LEVEL = "-Onone";
			};
			name = Debug;
		};
		698B6E461DBE7DBE00BA07A8 /* Release */ = {
			isa = XCBuildConfiguration;
			buildSettings = {
				ALWAYS_SEARCH_USER_PATHS = NO;
				CLANG_ANALYZER_NONNULL = YES;
				CLANG_CXX_LANGUAGE_STANDARD = "gnu++0x";
				CLANG_CXX_LIBRARY = "libc++";
				CLANG_ENABLE_MODULES = YES;
				CLANG_ENABLE_OBJC_ARC = YES;
				CLANG_WARN_BOOL_CONVERSION = YES;
				CLANG_WARN_CONSTANT_CONVERSION = YES;
				CLANG_WARN_DIRECT_OBJC_ISA_USAGE = YES_ERROR;
				CLANG_WARN_DOCUMENTATION_COMMENTS = YES;
				CLANG_WARN_EMPTY_BODY = YES;
				CLANG_WARN_ENUM_CONVERSION = YES;
				CLANG_WARN_INFINITE_RECURSION = YES;
				CLANG_WARN_INT_CONVERSION = YES;
				CLANG_WARN_OBJC_ROOT_CLASS = YES_ERROR;
				CLANG_WARN_SUSPICIOUS_MOVES = YES;
				CLANG_WARN_UNREACHABLE_CODE = YES;
				CLANG_WARN__DUPLICATE_METHOD_MATCH = YES;
				"CODE_SIGN_IDENTITY[sdk=iphoneos*]" = "iPhone Developer";
				COPY_PHASE_STRIP = NO;
				DEBUG_INFORMATION_FORMAT = "dwarf-with-dsym";
				ENABLE_NS_ASSERTIONS = NO;
				ENABLE_STRICT_OBJC_MSGSEND = YES;
				GCC_C_LANGUAGE_STANDARD = gnu99;
				GCC_NO_COMMON_BLOCKS = YES;
				GCC_WARN_64_TO_32_BIT_CONVERSION = YES;
				GCC_WARN_ABOUT_RETURN_TYPE = YES_ERROR;
				GCC_WARN_UNDECLARED_SELECTOR = YES;
				GCC_WARN_UNINITIALIZED_AUTOS = YES_AGGRESSIVE;
				GCC_WARN_UNUSED_FUNCTION = YES;
				GCC_WARN_UNUSED_VARIABLE = YES;
				IPHONEOS_DEPLOYMENT_TARGET = 10.0;
				MTL_ENABLE_DEBUG_INFO = NO;
				SDKROOT = iphoneos;
				SWIFT_OPTIMIZATION_LEVEL = "-Owholemodule";
				VALIDATE_PRODUCT = YES;
			};
			name = Release;
		};
		698B6E481DBE7DBE00BA07A8 /* Debug */ = {
			isa = XCBuildConfiguration;
			baseConfigurationReference = 66E0DEA85E4F12E81BE2C8B0 /* Pods-My TicTacToe.debug.xcconfig */;
			buildSettings = {
				ASSETCATALOG_COMPILER_APPICON_NAME = AppIcon;
				DEVELOPMENT_TEAM = V92SZ8966T;
				INFOPLIST_FILE = "My TicTacToe/Info.plist";
				LD_RUNPATH_SEARCH_PATHS = "$(inherited) @executable_path/Frameworks";
				PRODUCT_BUNDLE_IDENTIFIER = "com.juanpablofernandez.My-TicTacToe";
				PRODUCT_NAME = "$(TARGET_NAME)";
				SWIFT_VERSION = 3.0;
			};
			name = Debug;
		};
		698B6E491DBE7DBE00BA07A8 /* Release */ = {
			isa = XCBuildConfiguration;
			baseConfigurationReference = 8E63487ECEE4E63D99A64B75 /* Pods-My TicTacToe.release.xcconfig */;
			buildSettings = {
				ASSETCATALOG_COMPILER_APPICON_NAME = AppIcon;
				DEVELOPMENT_TEAM = V92SZ8966T;
				INFOPLIST_FILE = "My TicTacToe/Info.plist";
				LD_RUNPATH_SEARCH_PATHS = "$(inherited) @executable_path/Frameworks";
				PRODUCT_BUNDLE_IDENTIFIER = "com.juanpablofernandez.My-TicTacToe";
				PRODUCT_NAME = "$(TARGET_NAME)";
				SWIFT_VERSION = 3.0;
			};
			name = Release;
		};
/* End XCBuildConfiguration section */

/* Begin XCConfigurationList section */
		698B6E301DBE7DBE00BA07A8 /* Build configuration list for PBXProject "My TicTacToe" */ = {
			isa = XCConfigurationList;
			buildConfigurations = (
				698B6E451DBE7DBE00BA07A8 /* Debug */,
				698B6E461DBE7DBE00BA07A8 /* Release */,
			);
			defaultConfigurationIsVisible = 0;
			defaultConfigurationName = Release;
		};
		698B6E471DBE7DBE00BA07A8 /* Build configuration list for PBXNativeTarget "My TicTacToe" */ = {
			isa = XCConfigurationList;
			buildConfigurations = (
				698B6E481DBE7DBE00BA07A8 /* Debug */,
				698B6E491DBE7DBE00BA07A8 /* Release */,
			);
			defaultConfigurationIsVisible = 0;
			defaultConfigurationName = Release;
		};
/* End XCConfigurationList section */
	};
	rootObject = 698B6E2D1DBE7DBE00BA07A8 /* Project object */;
}
